
Microsoft Visual Studio Solution File, Format Version 12.00
# Visual Studio Version 16
VisualStudioVersion = 16.0.31624.102
MinimumVisualStudioVersion = 10.0.40219.1
Project("{FAE04EC0-301F-11D3-BF4B-00C04F79EFBC}") = "WindowsFormsApp1", "WindowsFormsApp1\WindowsFormsApp1.csproj", "{6A71D5F7-072B-4E01-8B3F-6AE000298AFB}"
EndProject
Global
	GlobalSection(SolutionConfigurationPlatforms) = preSolution
		Debug|Any CPU = Debug|Any CPU
		Release|Any CPU = Release|Any CPU
	EndGlobalSection
	GlobalSection(ProjectConfigurationPlatforms) = postSolution
		{6A71D5F7-072B-4E01-8B3F-6AE000298AFB}.Debug|Any CPU.ActiveCfg = Debug|Any CPU
		{6A71D5F7-072B-4E01-8B3F-6AE000298AFB}.Debug|Any CPU.Build.0 = Debug|Any CPU
		{6A71D5F7-072B-4E01-8B3F-6AE000298AFB}.Release|Any CPU.ActiveCfg = Release|Any CPU
		{6A71D5F7-072B-4E01-8B3F-6AE000298AFB}.Release|Any CPU.Build.0 = Release|Any CPU
	EndGlobalSection
	GlobalSection(SolutionProperties) = preSolution
		HideSolutionNode = FALSE
	EndGlobalSection
	GlobalSection(ExtensibilityGlobals) = postSolution
		SolutionGuid = {956261FF-85C1-4607-ABED-177E13D83AF8}
	EndGlobalSection
EndGlobal
